// !$*UTF8*$!
{
	archiveVersion = 1;
	classes = {
	};
	objectVersion = 56;
	objects = {

/* Begin PBXBuildFile section */
		5FCBC22F2A38EEB000A6321D /* AppDelegate.swift in Sources */ = {isa = PBXBuildFile; fileRef = 5FCBC22E2A38EEB000A6321D /* AppDelegate.swift */; };
		5FCBC2312A38EEB000A6321D /* SceneDelegate.swift in Sources */ = {isa = PBXBuildFile; fileRef = 5FCBC2302A38EEB000A6321D /* SceneDelegate.swift */; };
		5FCBC2362A38EEB000A6321D /* Main.storyboard in Resources */ = {isa = PBXBuildFile; fileRef = 5FCBC2342A38EEB000A6321D /* Main.storyboard */; };
		5FCBC2382A38EEB100A6321D /* Assets.xcassets in Resources */ = {isa = PBXBuildFile; fileRef = 5FCBC2372A38EEB100A6321D /* Assets.xcassets */; };
		5FCBC23B2A38EEB100A6321D /* LaunchScreen.storyboard in Resources */ = {isa = PBXBuildFile; fileRef = 5FCBC2392A38EEB100A6321D /* LaunchScreen.storyboard */; };
		5FCBC2442A38EF7600A6321D /* SpringAnimation in Frameworks */ = {isa = PBXBuildFile; productRef = 5FCBC2432A38EF7600A6321D /* SpringAnimation */; };
		5FCBC24A2A3A485600A6321D /* ViewController.swift in Sources */ = {isa = PBXBuildFile; fileRef = 5FCBC2492A3A485600A6321D /* ViewController.swift */; };
/* End PBXBuildFile section */

/* Begin PBXFileReference section */
		5FCBC22B2A38EEB000A6321D /* AnimViewApp.app */ = {isa = PBXFileReference; explicitFileType = wrapper.application; includeInIndex = 0; path = AnimViewApp.app; sourceTree = BUILT_PRODUCTS_DIR; };
		5FCBC22E2A38EEB000A6321D /* AppDelegate.swift */ = {isa = PBXFileReference; lastKnownFileType = sourcecode.swift; path = AppDelegate.swift; sourceTree = "<group>"; };
		5FCBC2302A38EEB000A6321D /* SceneDelegate.swift */ = {isa = PBXFileReference; lastKnownFileType = sourcecode.swift; path = SceneDelegate.swift; sourceTree = "<group>"; };
		5FCBC2352A38EEB000A6321D /* Base */ = {isa = PBXFileReference; lastKnownFileType = file.storyboard; name = Base; path = Base.lproj/Main.storyboard; sourceTree = "<group>"; };
		5FCBC2372A38EEB100A6321D /* Assets.xcassets */ = {isa = PBXFileReference; lastKnownFileType = folder.assetcatalog; path = Assets.xcassets; sourceTree = "<group>"; };
		5FCBC23A2A38EEB100A6321D /* Base */ = {isa = PBXFileReference; lastKnownFileType = file.storyboard; name = Base; path = Base.lproj/LaunchScreen.storyboard; sourceTree = "<group>"; };
		5FCBC23C2A38EEB100A6321D /* Info.plist */ = {isa = PBXFileReference; lastKnownFileType = text.plist.xml; path = Info.plist; sourceTree = "<group>"; };
		5FCBC2492A3A485600A6321D /* ViewController.swift */ = {isa = PBXFileReference; lastKnownFileType = sourcecode.swift; path = ViewController.swift; sourceTree = "<group>"; };
/* End PBXFileReference section */

/* Begin PBXFrameworksBuildPhase section */
		5FCBC2282A38EEB000A6321D /* Frameworks */ = {
			isa = PBXFrameworksBuildPhase;
			buildActionMask = 2147483647;
			files = (
				5FCBC2442A38EF7600A6321D /* SpringAnimation in Frameworks */,
			);
			runOnlyForDeploymentPostprocessing = 0;
		};
/* End PBXFrameworksBuildPhase section */

/* Begin PBXGroup section */
		5FCBC2222A38EEB000A6321D = {
			isa = PBXGroup;
			children = (
				5FCBC22D2A38EEB000A6321D /* AnimViewApp */,
				5FCBC22C2A38EEB000A6321D /* Products */,
			);
			sourceTree = "<group>";
		};
		5FCBC22C2A38EEB000A6321D /* Products */ = {
			isa = PBXGroup;
			children = (
				5FCBC22B2A38EEB000A6321D /* AnimViewApp.app */,
			);
			name = Products;
			sourceTree = "<group>";
		};
		5FCBC22D2A38EEB000A6321D /* AnimViewApp */ = {
			isa = PBXGroup;
			children = (
				5FCBC2452A38EFF900A6321D /* App */,
				5FCBC2472A38F06A00A6321D /* ViewControllers */,
				5FCBC2462A38F04900A6321D /* StoryBoards */,
				5FCBC2482A38F0E900A6321D /* Resources */,
			);
			path = AnimViewApp;
			sourceTree = "<group>";
		};
		5FCBC2452A38EFF900A6321D /* App */ = {
			isa = PBXGroup;
			children = (
				5FCBC22E2A38EEB000A6321D /* AppDelegate.swift */,
				5FCBC2302A38EEB000A6321D /* SceneDelegate.swift */,
				5FCBC23C2A38EEB100A6321D /* Info.plist */,
			);
			path = App;
			sourceTree = "<group>";
		};
		5FCBC2462A38F04900A6321D /* StoryBoards */ = {
			isa = PBXGroup;
			children = (
				5FCBC2342A38EEB000A6321D /* Main.storyboard */,
				5FCBC2392A38EEB100A6321D /* LaunchScreen.storyboard */,
			);
			path = StoryBoards;
			sourceTree = "<group>";
		};
		5FCBC2472A38F06A00A6321D /* ViewControllers */ = {
			isa = PBXGroup;
			children = (
				5FCBC2492A3A485600A6321D /* ViewController.swift */,
			);
			path = ViewControllers;
			sourceTree = "<group>";
		};
		5FCBC2482A38F0E900A6321D /* Resources */ = {
			isa = PBXGroup;
			children = (
				5FCBC2372A38EEB100A6321D /* Assets.xcassets */,
			);
			path = Resources;
			sourceTree = "<group>";
		};
/* End PBXGroup section */

/* Begin PBXNativeTarget section */
		5FCBC22A2A38EEB000A6321D /* AnimViewApp */ = {
			isa = PBXNativeTarget;
			buildConfigurationList = 5FCBC23F2A38EEB100A6321D /* Build configuration list for PBXNativeTarget "AnimViewApp" */;
			buildPhases = (
				5FCBC2272A38EEB000A6321D /* Sources */,
				5FCBC2282A38EEB000A6321D /* Frameworks */,
				5FCBC2292A38EEB000A6321D /* Resources */,
			);
			buildRules = (
			);
			dependencies = (
			);
			name = AnimViewApp;
			packageProductDependencies = (
				5FCBC2432A38EF7600A6321D /* SpringAnimation */,
			);
			productName = AnimViewApp;
			productReference = 5FCBC22B2A38EEB000A6321D /* AnimViewApp.app */;
			productType = "com.apple.product-type.application";
		};
/* End PBXNativeTarget section */

/* Begin PBXProject section */
		5FCBC2232A38EEB000A6321D /* Project object */ = {
			isa = PBXProject;
			attributes = {
				BuildIndependentTargetsInParallel = 1;
				LastSwiftUpdateCheck = 1430;
				LastUpgradeCheck = 1430;
				TargetAttributes = {
					5FCBC22A2A38EEB000A6321D = {
						CreatedOnToolsVersion = 14.3;
					};
				};
			};
			buildConfigurationList = 5FCBC2262A38EEB000A6321D /* Build configuration list for PBXProject "AnimViewApp" */;
			compatibilityVersion = "Xcode 14.0";
			developmentRegion = en;
			hasScannedForEncodings = 0;
			knownRegions = (
				en,
				Base,
			);
			mainGroup = 5FCBC2222A38EEB000A6321D;
			packageReferences = (
				5FCBC2422A38EF7600A6321D /* XCRemoteSwiftPackageReference "SpringAnimation" */,
			);
			productRefGroup = 5FCBC22C2A38EEB000A6321D /* Products */;
			projectDirPath = "";
			projectRoot = "";
			targets = (
				5FCBC22A2A38EEB000A6321D /* AnimViewApp */,
			);
		};
/* End PBXProject section */

/* Begin PBXResourcesBuildPhase section */
		5FCBC2292A38EEB000A6321D /* Resources */ = {
			isa = PBXResourcesBuildPhase;
			buildActionMask = 2147483647;
			files = (
				5FCBC23B2A38EEB100A6321D /* LaunchScreen.storyboard in Resources */,
				5FCBC2382A38EEB100A6321D /* Assets.xcassets in Resources */,
				5FCBC2362A38EEB000A6321D /* Main.storyboard in Resources */,
			);
			runOnlyForDeploymentPostprocessing = 0;
		};
/* End PBXResourcesBuildPhase section */

/* Begin PBXSourcesBuildPhase section */
		5FCBC2272A38EEB000A6321D /* Sources */ = {
			isa = PBXSourcesBuildPhase;
			buildActionMask = 2147483647;
			files = (
				5FCBC24A2A3A485600A6321D /* ViewController.swift in Sources */,
				5FCBC22F2A38EEB000A6321D /* AppDelegate.swift in Sources */,
				5FCBC2312A38EEB000A6321D /* SceneDelegate.swift in Sources */,
			);
			runOnlyForDeploymentPostprocessing = 0;
		};
/* End PBXSourcesBuildPhase section */

/* Begin PBXVariantGroup section */
		5FCBC2342A38EEB000A6321D /* Main.storyboard */ = {
			isa = PBXVariantGroup;
			children = (
				5FCBC2352A38EEB000A6321D /* Base */,
			);
			name = Main.storyboard;
			sourceTree = "<group>";
		};
		5FCBC2392A38EEB100A6321D /* LaunchScreen.storyboard */ = {
			isa = PBXVariantGroup;
			children = (
				5FCBC23A2A38EEB100A6321D /* Base */,
			);
			name = LaunchScreen.storyboard;
			sourceTree = "<group>";
		};
/* End PBXVariantGroup section */

/* Begin XCBuildConfiguration section */
		5FCBC23D2A38EEB100A6321D /* Debug */ = {
			isa = XCBuildConfiguration;
			buildSettings = {
				ALWAYS_SEARCH_USER_PATHS = NO;
				CLANG_ANALYZER_NONNULL = YES;
				CLANG_ANALYZER_NUMBER_OBJECT_CONVERSION = YES_AGGRESSIVE;
				CLANG_CXX_LANGUAGE_STANDARD = "gnu++20";
				CLANG_ENABLE_MODULES = YES;
				CLANG_ENABLE_OBJC_ARC = YES;
				CLANG_ENABLE_OBJC_WEAK = YES;
				CLANG_WARN_BLOCK_CAPTURE_AUTORELEASING = YES;
				CLANG_WARN_BOOL_CONVERSION = YES;
				CLANG_WARN_COMMA = YES;
				CLANG_WARN_CONSTANT_CONVERSION = YES;
				CLANG_WARN_DEPRECATED_OBJC_IMPLEMENTATIONS = YES;
				CLANG_WARN_DIRECT_OBJC_ISA_USAGE = YES_ERROR;
				CLANG_WARN_DOCUMENTATION_COMMENTS = YES;
				CLANG_WARN_EMPTY_BODY = YES;
				CLANG_WARN_ENUM_CONVERSION = YES;
				CLANG_WARN_INFINITE_RECURSION = YES;
				CLANG_WARN_INT_CONVERSION = YES;
				CLANG_WARN_NON_LITERAL_NULL_CONVERSION = YES;
				CLANG_WARN_OBJC_IMPLICIT_RETAIN_SELF = YES;
				CLANG_WARN_OBJC_LITERAL_CONVERSION = YES;
				CLANG_WARN_OBJC_ROOT_CLASS = YES_ERROR;
				CLANG_WARN_QUOTED_INCLUDE_IN_FRAMEWORK_HEADER = YES;
				CLANG_WARN_RANGE_LOOP_ANALYSIS = YES;
				CLANG_WARN_STRICT_PROTOTYPES = YES;
				CLANG_WARN_SUSPICIOUS_MOVE = YES;
				CLANG_WARN_UNGUARDED_AVAILABILITY = YES_AGGRESSIVE;
				CLANG_WARN_UNREACHABLE_CODE = YES;
				CLANG_WARN__DUPLICATE_METHOD_MATCH = YES;
				COPY_PHASE_STRIP = NO;
				DEBUG_INFORMATION_FORMAT = dwarf;
				ENABLE_STRICT_OBJC_MSGSEND = YES;
				ENABLE_TESTABILITY = YES;
				GCC_C_LANGUAGE_STANDARD = gnu11;
				GCC_DYNAMIC_NO_PIC = NO;
				GCC_NO_COMMON_BLOCKS = YES;
				GCC_OPTIMIZATION_LEVEL = 0;
				GCC_PREPROCESSOR_DEFINITIONS = (
					"DEBUG=1",
					"$(inherited)",
				);
				GCC_WARN_64_TO_32_BIT_CONVERSION = YES;
				GCC_WARN_ABOUT_RETURN_TYPE = YES_ERROR;
				GCC_WARN_UNDECLARED_SELECTOR = YES;
				GCC_WARN_UNINITIALIZED_AUTOS = YES_AGGRESSIVE;
				GCC_WARN_UNUSED_FUNCTION = YES;
				GCC_WARN_UNUSED_VARIABLE = YES;
				IPHONEOS_DEPLOYMENT_TARGET = 16.4;
				MTL_ENABLE_DEBUG_INFO = INCLUDE_SOURCE;
				MTL_FAST_MATH = YES;
				ONLY_ACTIVE_ARCH = YES;
				SDKROOT = iphoneos;
				SWIFT_ACTIVE_COMPILATION_CONDITIONS = DEBUG;
				SWIFT_OPTIMIZATION_LEVEL = "-Onone";
			};
			name = Debug;
		};
		5FCBC23E2A38EEB100A6321D /* Release */ = {
			isa = XCBuildConfiguration;
			buildSettings = {
				ALWAYS_SEARCH_USER_PATHS = NO;
				CLANG_ANALYZER_NONNULL = YES;
				CLANG_ANALYZER_NUMBER_OBJECT_CONVERSION = YES_AGGRESSIVE;
				CLANG_CXX_LANGUAGE_STANDARD = "gnu++20";
				CLANG_ENABLE_MODULES = YES;
				CLANG_ENABLE_OBJC_ARC = YES;
				CLANG_ENABLE_OBJC_WEAK = YES;
				CLANG_WARN_BLOCK_CAPTURE_AUTORELEASING = YES;
				CLANG_WARN_BOOL_CONVERSION = YES;
				CLANG_WARN_COMMA = YES;
				CLANG_WARN_CONSTANT_CONVERSION = YES;
				CLANG_WARN_DEPRECATED_OBJC_IMPLEMENTATIONS = YES;
				CLANG_WARN_DIRECT_OBJC_ISA_USAGE = YES_ERROR;
				CLANG_WARN_DOCUMENTATION_COMMENTS = YES;
				CLANG_WARN_EMPTY_BODY = YES;
				CLANG_WARN_ENUM_CONVERSION = YES;
				CLANG_WARN_INFINITE_RECURSION = YES;
				CLANG_WARN_INT_CONVERSION = YES;
				CLANG_WARN_NON_LITERAL_NULL_CONVERSION = YES;
				CLANG_WARN_OBJC_IMPLICIT_RETAIN_SELF = YES;
				CLANG_WARN_OBJC_LITERAL_CONVERSION = YES;
				CLANG_WARN_OBJC_ROOT_CLASS = YES_ERROR;
				CLANG_WARN_QUOTED_INCLUDE_IN_FRAMEWORK_HEADER = YES;
				CLANG_WARN_RANGE_LOOP_ANALYSIS = YES;
				CLANG_WARN_STRICT_PROTOTYPES = YES;
				CLANG_WARN_SUSPICIOUS_MOVE = YES;
				CLANG_WARN_UNGUARDED_AVAILABILITY = YES_AGGRESSIVE;
				CLANG_WARN_UNREACHABLE_CODE = YES;
				CLANG_WARN__DUPLICATE_METHOD_MATCH = YES;
				COPY_PHASE_STRIP = NO;
				DEBUG_INFORMATION_FORMAT = "dwarf-with-dsym";
				ENABLE_NS_ASSERTIONS = NO;
				ENABLE_STRICT_OBJC_MSGSEND = YES;
				GCC_C_LANGUAGE_STANDARD = gnu11;
				GCC_NO_COMMON_BLOCKS = YES;
				GCC_WARN_64_TO_32_BIT_CONVERSION = YES;
				GCC_WARN_ABOUT_RETURN_TYPE = YES_ERROR;
				GCC_WARN_UNDECLARED_SELECTOR = YES;
				GCC_WARN_UNINITIALIZED_AUTOS = YES_AGGRESSIVE;
				GCC_WARN_UNUSED_FUNCTION = YES;
				GCC_WARN_UNUSED_VARIABLE = YES;
				IPHONEOS_DEPLOYMENT_TARGET = 16.4;
				MTL_ENABLE_DEBUG_INFO = NO;
				MTL_FAST_MATH = YES;
				SDKROOT = iphoneos;
				SWIFT_COMPILATION_MODE = wholemodule;
				SWIFT_OPTIMIZATION_LEVEL = "-O";
				VALIDATE_PRODUCT = YES;
			};
			name = Release;
		};
		5FCBC2402A38EEB100A6321D /* Debug */ = {
			isa = XCBuildConfiguration;
			buildSettings = {
				ASSETCATALOG_COMPILER_APPICON_NAME = AppIcon;
				ASSETCATALOG_COMPILER_GLOBAL_ACCENT_COLOR_NAME = AccentColor;
				CODE_SIGN_STYLE = Automatic;
				CURRENT_PROJECT_VERSION = 1;
				DEVELOPMENT_TEAM = Q4JJQ267MT;
				GENERATE_INFOPLIST_FILE = YES;
				INFOPLIST_FILE = AnimViewApp/App/Info.plist;
				INFOPLIST_KEY_UIApplicationSupportsIndirectInputEvents = YES;
				INFOPLIST_KEY_UILaunchStoryboardName = LaunchScreen;
				INFOPLIST_KEY_UIMainStoryboardFile = Main;
				INFOPLIST_KEY_UISupportedInterfaceOrientations = UIInterfaceOrientationPortrait;
				INFOPLIST_KEY_UISupportedInterfaceOrientations_iPad = "UIInterfaceOrientationLandscapeLeft UIInterfaceOrientationLandscapeRight UIInterfaceOrientationPortrait UIInterfaceOrientationPortraitUpsideDown";
				LD_RUNPATH_SEARCH_PATHS = (
					"$(inherited)",
					"@executable_path/Frameworks",
				);
				MARKETING_VERSION = 1.0;
				PRODUCT_BUNDLE_IDENTIFIER = IuriiEmelin.AnimViewApp;
				PRODUCT_NAME = "$(TARGET_NAME)";
				SUPPORTED_PLATFORMS = "iphoneos iphonesimulator";
				SUPPORTS_MACCATALYST = NO;
				SUPPORTS_MAC_DESIGNED_FOR_IPHONE_IPAD = NO;
				SWIFT_EMIT_LOC_STRINGS = YES;
				SWIFT_VERSION = 5.0;
				TARGETED_DEVICE_FAMILY = 1;
			};
			name = Debug;
		};
		5FCBC2412A38EEB100A6321D /* Release */ = {
			isa = XCBuildConfiguration;
			buildSettings = {
				ASSETCATALOG_COMPILER_APPICON_NAME = AppIcon;
				ASSETCATALOG_COMPILER_GLOBAL_ACCENT_COLOR_NAME = AccentColor;
				CODE_SIGN_STYLE = Automatic;
				CURRENT_PROJECT_VERSION = 1;
				DEVELOPMENT_TEAM = Q4JJQ267MT;
				GENERATE_INFOPLIST_FILE = YES;
				INFOPLIST_FILE = AnimViewApp/App/Info.plist;
				INFOPLIST_KEY_UIApplicationSupportsIndirectInputEvents = YES;
				INFOPLIST_KEY_UILaunchStoryboardName = LaunchScreen;
				INFOPLIST_KEY_UIMainStoryboardFile = Main;
				INFOPLIST_KEY_UISupportedInterfaceOrientations = UIInterfaceOrientationPortrait;
				INFOPLIST_KEY_UISupportedInterfaceOrientations_iPad = "UIInterfaceOrientationLandscapeLeft UIInterfaceOrientationLandscapeRight UIInterfaceOrientationPortrait UIInterfaceOrientationPortraitUpsideDown";
				LD_RUNPATH_SEARCH_PATHS = (
					"$(inherited)",
					"@executable_path/Frameworks",
				);
				MARKETING_VERSION = 1.0;
				PRODUCT_BUNDLE_IDENTIFIER = IuriiEmelin.AnimViewApp;
				PRODUCT_NAME = "$(TARGET_NAME)";
				SUPPORTED_PLATFORMS = "iphoneos iphonesimulator";
				SUPPORTS_MACCATALYST = NO;
				SUPPORTS_MAC_DESIGNED_FOR_IPHONE_IPAD = NO;
				SWIFT_EMIT_LOC_STRINGS = YES;
				SWIFT_VERSION = 5.0;
				TARGETED_DEVICE_FAMILY = 1;
			};
			name = Release;
		};
/* End XCBuildConfiguration section */

/* Begin XCConfigurationList section */
		5FCBC2262A38EEB000A6321D /* Build configuration list for PBXProject "AnimViewApp" */ = {
			isa = XCConfigurationList;
			buildConfigurations = (
				5FCBC23D2A38EEB100A6321D /* Debug */,
				5FCBC23E2A38EEB100A6321D /* Release */,
			);
			defaultConfigurationIsVisible = 0;
			defaultConfigurationName = Release;
		};
		5FCBC23F2A38EEB100A6321D /* Build configuration list for PBXNativeTarget "AnimViewApp" */ = {
			isa = XCConfigurationList;
			buildConfigurations = (
				5FCBC2402A38EEB100A6321D /* Debug */,
				5FCBC2412A38EEB100A6321D /* Release */,
			);
			defaultConfigurationIsVisible = 0;
			defaultConfigurationName = Release;
		};
/* End XCConfigurationList section */

/* Begin XCRemoteSwiftPackageReference section */
		5FCBC2422A38EF7600A6321D /* XCRemoteSwiftPackageReference "SpringAnimation" */ = {
			isa = XCRemoteSwiftPackageReference;
			repositoryURL = "https://github.com/LexDeBash/SpringAnimation.git";
			requirement = {
				kind = upToNextMinorVersion;
				minimumVersion = 0.3.0;
			};
		};
/* End XCRemoteSwiftPackageReference section */

/* Begin XCSwiftPackageProductDependency section */
		5FCBC2432A38EF7600A6321D /* SpringAnimation */ = {
			isa = XCSwiftPackageProductDependency;
			package = 5FCBC2422A38EF7600A6321D /* XCRemoteSwiftPackageReference "SpringAnimation" */;
			productName = SpringAnimation;
		};
/* End XCSwiftPackageProductDependency section */
	};
	rootObject = 5FCBC2232A38EEB000A6321D /* Project object */;
}
